// !$*UTF8*$!
{
	archiveVersion = 1;
	classes = {
	};
	objectVersion = 56;
	objects = {

/* Begin PBXBuildFile section */
		0000000000000000000000C8 /* HouseOnSite/HouseOnSiteApp.swift in Sources */ = {isa = PBXBuildFile; fileRef = 000000000000000000000064 /* HouseOnSite/HouseOnSiteApp.swift */; };
		0000000000000000000000C9 /* HouseOnSite/ContentView.swift in Sources */ = {isa = PBXBuildFile; fileRef = 000000000000000000000065 /* HouseOnSite/ContentView.swift */; };
		0000000000000000000000CA /* HouseOnSite/HouseAsset.swift in Sources */ = {isa = PBXBuildFile; fileRef = 000000000000000000000066 /* HouseOnSite/HouseAsset.swift */; };
		0000000000000000000000CB /* HouseOnSite/Placement.swift in Sources */ = {isa = PBXBuildFile; fileRef = 000000000000000000000067 /* HouseOnSite/Placement.swift */; };
		0000000000000000000000CC /* HouseOnSite/HouseSession.swift in Sources */ = {isa = PBXBuildFile; fileRef = 000000000000000000000068 /* HouseOnSite/HouseSession.swift */; };
		0000000000000000000000D2 /* house2story.usdz in Resources */ = {isa = PBXBuildFile; fileRef = 00000000000000000000006E /* house2story.usdz */; };
		0000000000000000000000CD /* ARPhotoCapture.swift in Sources */ = {isa = PBXBuildFile; fileRef = 000000000000000000000069 /* ARPhotoCapture.swift */; };
		0000000000000000000000CE /* HouseLighting.swift in Sources */ = {isa = PBXBuildFile; fileRef = 00000000000000000000006A /* HouseLighting.swift */; };
/* End PBXBuildFile section */

/* Begin PBXFileReference section */
		000000000000000000000064 /* HouseOnSite/HouseOnSiteApp.swift */ = {isa = PBXFileReference; lastKnownFileType = sourcecode.swift; path = HouseOnSite/HouseOnSiteApp.swift; sourceTree = "<group>"; };
		000000000000000000000065 /* HouseOnSite/ContentView.swift */ = {isa = PBXFileReference; lastKnownFileType = sourcecode.swift; path = HouseOnSite/ContentView.swift; sourceTree = "<group>"; };
		000000000000000000000066 /* HouseOnSite/HouseAsset.swift */ = {isa = PBXFileReference; lastKnownFileType = sourcecode.swift; path = HouseOnSite/HouseAsset.swift; sourceTree = "<group>"; };
		000000000000000000000067 /* HouseOnSite/Placement.swift */ = {isa = PBXFileReference; lastKnownFileType = sourcecode.swift; path = HouseOnSite/Placement.swift; sourceTree = "<group>"; };
		000000000000000000000068 /* HouseOnSite/HouseSession.swift */ = {isa = PBXFileReference; lastKnownFileType = sourcecode.swift; path = HouseOnSite/HouseSession.swift; sourceTree = "<group>"; };
		00000000000000000000006E /* house2story.usdz */ = {isa = PBXFileReference; lastKnownFileType = file; name = house2story.usdz; path = ../public/models/ios/house2story.usdz; sourceTree = "<group>"; };
		00000000000000000000006F /* HouseOnSite.app */ = {isa = PBXFileReference; explicitFileType = wrapper.application; path = HouseOnSite.app; sourceTree = BUILT_PRODUCTS_DIR; };
		000000000000000000000069 /* ARPhotoCapture.swift */ = {isa = PBXFileReference; lastKnownFileType = sourcecode.swift; path = HouseOnSite/ARPhotoCapture.swift; sourceTree = "<group>"; };
		00000000000000000000006A /* HouseLighting.swift */ = {isa = PBXFileReference; lastKnownFileType = sourcecode.swift; path = HouseOnSite/HouseLighting.swift; sourceTree = "<group>"; };
/* End PBXFileReference section */

/* Begin PBXFrameworksBuildPhase section */
		000000000000000000000005 /* Frameworks */ = {
			isa = PBXFrameworksBuildPhase;
			buildActionMask = 2147483647;
			files = (
			);
			runOnlyForDeploymentPostprocessing = 0;
		};
/* End PBXFrameworksBuildPhase section */

/* Begin PBXGroup section */
		000000000000000000000001 = {
			isa = PBXGroup;
			children = (
				000000000000000000000064 /* HouseOnSite/HouseOnSiteApp.swift */,
				000000000000000000000065 /* HouseOnSite/ContentView.swift */,
				000000000000000000000066 /* HouseOnSite/HouseAsset.swift */,
				000000000000000000000067 /* HouseOnSite/Placement.swift */,
				000000000000000000000068 /* HouseOnSite/HouseSession.swift */,
				000000000000000000000069 /* ARPhotoCapture.swift */,
				00000000000000000000006A /* HouseLighting.swift */,
				00000000000000000000006E /* house2story.usdz */,
				000000000000000000000002 /* Products */,
			);
			sourceTree = "<group>";
		};
		000000000000000000000002 /* Products */ = {
			isa = PBXGroup;
			children = (
				00000000000000000000006F /* HouseOnSite.app */,
			);
			name = Products;
			sourceTree = "<group>";
		};
/* End PBXGroup section */

/* Begin PBXNativeTarget section */
		000000000000000000000006 /* HouseOnSite */ = {
			isa = PBXNativeTarget;
			buildConfigurationList = 000000000000000000000009 /* Build configuration list for PBXNativeTarget "HouseOnSite" */;
			buildPhases = (
				000000000000000000000003 /* Sources */,
				000000000000000000000005 /* Frameworks */,
				000000000000000000000004 /* Resources */,
			);
			buildRules = (
			);
			dependencies = (
			);
			name = HouseOnSite;
			productName = HouseOnSite;
			productReference = 00000000000000000000006F /* HouseOnSite.app */;
			productType = "com.apple.product-type.application";
		};
/* End PBXNativeTarget section */

/* Begin PBXProject section */
		000000000000000000000007 /* Project object */ = {
			isa = PBXProject;
			attributes = {
				LastUpgradeCheck = 2630;
				TargetAttributes = {
					000000000000000000000006 = {
						CreatedOnToolsVersion = 26.3;
					};
				};
			};
			buildConfigurationList = 000000000000000000000008 /* Build configuration list for PBXProject "HouseOnSite" */;
			compatibilityVersion = "Xcode 14.0";
			developmentRegion = en;
			hasScannedForEncodings = 0;
			knownRegions = (
				en,
				Base,
			);
			mainGroup = 000000000000000000000001;
			productRefGroup = 000000000000000000000002 /* Products */;
			projectDirPath = "";
			projectRoot = "";
			targets = (
				000000000000000000000006 /* HouseOnSite */,
			);
		};
/* End PBXProject section */

/* Begin PBXResourcesBuildPhase section */
		000000000000000000000004 /* Resources */ = {
			isa = PBXResourcesBuildPhase;
			buildActionMask = 2147483647;
			files = (
				0000000000000000000000D2 /* house2story.usdz in Resources */,
			);
			runOnlyForDeploymentPostprocessing = 0;
		};
/* End PBXResourcesBuildPhase section */

/* Begin PBXSourcesBuildPhase section */
		000000000000000000000003 /* Sources */ = {
			isa = PBXSourcesBuildPhase;
			buildActionMask = 2147483647;
			files = (
				0000000000000000000000C8 /* HouseOnSite/HouseOnSiteApp.swift in Sources */,
				0000000000000000000000C9 /* HouseOnSite/ContentView.swift in Sources */,
				0000000000000000000000CA /* HouseOnSite/HouseAsset.swift in Sources */,
				0000000000000000000000CB /* HouseOnSite/Placement.swift in Sources */,
				0000000000000000000000CC /* HouseOnSite/HouseSession.swift in Sources */,
				0000000000000000000000CD /* ARPhotoCapture.swift in Sources */,
				0000000000000000000000CE /* HouseLighting.swift in Sources */,
			);
			runOnlyForDeploymentPostprocessing = 0;
		};
/* End PBXSourcesBuildPhase section */

/* Begin XCBuildConfiguration section */
		00000000000000000000000A /* Debug */ = {
			isa = XCBuildConfiguration;
			buildSettings = {
				CLANG_ENABLE_MODULES = YES;
				IPHONEOS_DEPLOYMENT_TARGET = 17.0;
				SDKROOT = iphoneos;
				SWIFT_OPTIMIZATION_LEVEL = "-Onone";
				SWIFT_VERSION = 5.0;
			};
			name = Debug;
		};
		00000000000000000000000B /* Release */ = {
			isa = XCBuildConfiguration;
			buildSettings = {
				CLANG_ENABLE_MODULES = YES;
				IPHONEOS_DEPLOYMENT_TARGET = 17.0;
				SDKROOT = iphoneos;
				SWIFT_OPTIMIZATION_LEVEL = "-O";
				SWIFT_VERSION = 5.0;
			};
			name = Release;
		};
		00000000000000000000000C /* Debug */ = {
			isa = XCBuildConfiguration;
			buildSettings = {
				CODE_SIGN_STYLE = Automatic;
				DEVELOPMENT_TEAM = 6F3QN2785A;
				GENERATE_INFOPLIST_FILE = NO;
				INFOPLIST_FILE = HouseOnSite/Info.plist;
				PRODUCT_BUNDLE_IDENTIFIER = HouseOnSite1026;
				PRODUCT_NAME = "$(TARGET_NAME)";
				SUPPORTED_PLATFORMS = "iphoneos iphonesimulator";
				SWIFT_EMIT_LOC_STRINGS = YES;
				SWIFT_STRICT_CONCURRENCY = complete;
				TARGETED_DEVICE_FAMILY = 1;
			};
			name = Debug;
		};
		00000000000000000000000D /* Release */ = {
			isa = XCBuildConfiguration;
			buildSettings = {
				CODE_SIGN_STYLE = Automatic;
				DEVELOPMENT_TEAM = 6F3QN2785A;
				GENERATE_INFOPLIST_FILE = NO;
				INFOPLIST_FILE = HouseOnSite/Info.plist;
				PRODUCT_BUNDLE_IDENTIFIER = HouseOnSite1026;
				PRODUCT_NAME = "$(TARGET_NAME)";
				SUPPORTED_PLATFORMS = "iphoneos iphonesimulator";
				SWIFT_EMIT_LOC_STRINGS = YES;
				SWIFT_STRICT_CONCURRENCY = complete;
				TARGETED_DEVICE_FAMILY = 1;
			};
			name = Release;
		};
/* End XCBuildConfiguration section */

/* Begin XCConfigurationList section */
		000000000000000000000008 /* Build configuration list for PBXProject "HouseOnSite" */ = {
			isa = XCConfigurationList;
			buildConfigurations = (
				00000000000000000000000A /* Debug */,
				00000000000000000000000B /* Release */,
			);
			defaultConfigurationIsVisible = 0;
			defaultConfigurationName = Release;
		};
		000000000000000000000009 /* Build configuration list for PBXNativeTarget "HouseOnSite" */ = {
			isa = XCConfigurationList;
			buildConfigurations = (
				00000000000000000000000C /* Debug */,
				00000000000000000000000D /* Release */,
			);
			defaultConfigurationIsVisible = 0;
			defaultConfigurationName = Release;
		};
/* End XCConfigurationList section */
	};
	rootObject = 000000000000000000000007 /* Project object */;
}
